// !$*UTF8*$!
{
	archiveVersion = 1;
	classes = {
	};
	objectVersion = 50;
	objects = {

/* Begin PBXBuildFile section */
		95BEC7AF24CAD4EF008222AD /* AppDelegate.swift in Sources */ = {isa = PBXBuildFile; fileRef = 95BEC7AE24CAD4EF008222AD /* AppDelegate.swift */; };
		95BEC7B124CAD4EF008222AD /* SceneDelegate.swift in Sources */ = {isa = PBXBuildFile; fileRef = 95BEC7B024CAD4EF008222AD /* SceneDelegate.swift */; };
		95BEC7B624CAD4EF008222AD /* Main.storyboard in Resources */ = {isa = PBXBuildFile; fileRef = 95BEC7B424CAD4EF008222AD /* Main.storyboard */; };
		95BEC7B924CAD4EF008222AD /* DiceAndCoin.xcdatamodeld in Sources */ = {isa = PBXBuildFile; fileRef = 95BEC7B724CAD4EF008222AD /* DiceAndCoin.xcdatamodeld */; };
		95BEC7BB24CAD4F0008222AD /* Assets.xcassets in Resources */ = {isa = PBXBuildFile; fileRef = 95BEC7BA24CAD4F0008222AD /* Assets.xcassets */; };
		95BEC7BE24CAD4F0008222AD /* LaunchScreen.storyboard in Resources */ = {isa = PBXBuildFile; fileRef = 95BEC7BC24CAD4F0008222AD /* LaunchScreen.storyboard */; };
		95D757B124CADD7D000C084A /* DiceViewController.swift in Sources */ = {isa = PBXBuildFile; fileRef = 95D757B024CADD7D000C084A /* DiceViewController.swift */; };
		95D757B324CADD8F000C084A /* TwoDiceViewController.swift in Sources */ = {isa = PBXBuildFile; fileRef = 95D757B224CADD8F000C084A /* TwoDiceViewController.swift */; };
		95D757B524CADDA3000C084A /* CoinViewController.swift in Sources */ = {isa = PBXBuildFile; fileRef = 95D757B424CADDA3000C084A /* CoinViewController.swift */; };
		95D757B724CADDB2000C084A /* ThreeCoinViewController.swift in Sources */ = {isa = PBXBuildFile; fileRef = 95D757B624CADDB2000C084A /* ThreeCoinViewController.swift */; };
		95D757B924CAF166000C084A /* TabBarViewController.swift in Sources */ = {isa = PBXBuildFile; fileRef = 95D757B824CAF166000C084A /* TabBarViewController.swift */; };
		95D757BB24CB09C6000C084A /* Algorithm.swift in Sources */ = {isa = PBXBuildFile; fileRef = 95D757BA24CB09C6000C084A /* Algorithm.swift */; };
/* End PBXBuildFile section */

/* Begin PBXFileReference section */
		075975CBE5C8A4431251B719 /* Pods-DiceAndCoin.release.xcconfig */ = {isa = PBXFileReference; includeInIndex = 1; lastKnownFileType = text.xcconfig; name = "Pods-DiceAndCoin.release.xcconfig"; path = "Target Support Files/Pods-DiceAndCoin/Pods-DiceAndCoin.release.xcconfig"; sourceTree = "<group>"; };
		5EABE485D94315421E7A7E8E /* Pods-DiceAndCoin.debug.xcconfig */ = {isa = PBXFileReference; includeInIndex = 1; lastKnownFileType = text.xcconfig; name = "Pods-DiceAndCoin.debug.xcconfig"; path = "Target Support Files/Pods-DiceAndCoin/Pods-DiceAndCoin.debug.xcconfig"; sourceTree = "<group>"; };
		95BEC7AB24CAD4EF008222AD /* DiceAndCoin.app */ = {isa = PBXFileReference; explicitFileType = wrapper.application; includeInIndex = 0; path = DiceAndCoin.app; sourceTree = BUILT_PRODUCTS_DIR; };
		95BEC7AE24CAD4EF008222AD /* AppDelegate.swift */ = {isa = PBXFileReference; lastKnownFileType = sourcecode.swift; path = AppDelegate.swift; sourceTree = "<group>"; };
		95BEC7B024CAD4EF008222AD /* SceneDelegate.swift */ = {isa = PBXFileReference; lastKnownFileType = sourcecode.swift; path = SceneDelegate.swift; sourceTree = "<group>"; };
		95BEC7B524CAD4EF008222AD /* Base */ = {isa = PBXFileReference; lastKnownFileType = file.storyboard; name = Base; path = Base.lproj/Main.storyboard; sourceTree = "<group>"; };
		95BEC7B824CAD4EF008222AD /* DiceAndCoin.xcdatamodel */ = {isa = PBXFileReference; lastKnownFileType = wrapper.xcdatamodel; path = DiceAndCoin.xcdatamodel; sourceTree = "<group>"; };
		95BEC7BA24CAD4F0008222AD /* Assets.xcassets */ = {isa = PBXFileReference; lastKnownFileType = folder.assetcatalog; path = Assets.xcassets; sourceTree = "<group>"; };
		95BEC7BD24CAD4F0008222AD /* Base */ = {isa = PBXFileReference; lastKnownFileType = file.storyboard; name = Base; path = Base.lproj/LaunchScreen.storyboard; sourceTree = "<group>"; };
		95BEC7BF24CAD4F0008222AD /* Info.plist */ = {isa = PBXFileReference; lastKnownFileType = text.plist.xml; path = Info.plist; sourceTree = "<group>"; };
		95D757B024CADD7D000C084A /* DiceViewController.swift */ = {isa = PBXFileReference; lastKnownFileType = sourcecode.swift; path = DiceViewController.swift; sourceTree = "<group>"; };
		95D757B224CADD8F000C084A /* TwoDiceViewController.swift */ = {isa = PBXFileReference; lastKnownFileType = sourcecode.swift; path = TwoDiceViewController.swift; sourceTree = "<group>"; };
		95D757B424CADDA3000C084A /* CoinViewController.swift */ = {isa = PBXFileReference; lastKnownFileType = sourcecode.swift; path = CoinViewController.swift; sourceTree = "<group>"; };
		95D757B624CADDB2000C084A /* ThreeCoinViewController.swift */ = {isa = PBXFileReference; lastKnownFileType = sourcecode.swift; path = ThreeCoinViewController.swift; sourceTree = "<group>"; };
		95D757B824CAF166000C084A /* TabBarViewController.swift */ = {isa = PBXFileReference; lastKnownFileType = sourcecode.swift; path = TabBarViewController.swift; sourceTree = "<group>"; };
		95D757BA24CB09C6000C084A /* Algorithm.swift */ = {isa = PBXFileReference; lastKnownFileType = sourcecode.swift; path = Algorithm.swift; sourceTree = "<group>"; };
		D60652233F3AEE775ECF0BD1 /* Pods_DiceAndCoin.framework */ = {isa = PBXFileReference; explicitFileType = wrapper.framework; includeInIndex = 0; path = Pods_DiceAndCoin.framework; sourceTree = BUILT_PRODUCTS_DIR; };
/* End PBXFileReference section */

/* Begin PBXFrameworksBuildPhase section */
		95BEC7A824CAD4EF008222AD /* Frameworks */ = {
			isa = PBXFrameworksBuildPhase;
			buildActionMask = 2147483647;
			files = (
			);
			runOnlyForDeploymentPostprocessing = 0;
		};
/* End PBXFrameworksBuildPhase section */

/* Begin PBXGroup section */
		3E77B2F1B4A4C903951C10EB /* Pods */ = {
			isa = PBXGroup;
			children = (
				5EABE485D94315421E7A7E8E /* Pods-DiceAndCoin.debug.xcconfig */,
				075975CBE5C8A4431251B719 /* Pods-DiceAndCoin.release.xcconfig */,
			);
			path = Pods;
			sourceTree = "<group>";
		};
		95BEC7A224CAD4EF008222AD = {
			isa = PBXGroup;
			children = (
				95BEC7AD24CAD4EF008222AD /* DiceAndCoin */,
				95BEC7AC24CAD4EF008222AD /* Products */,
				3E77B2F1B4A4C903951C10EB /* Pods */,
				C5E6DB8DAFE5C4904558E21C /* Frameworks */,
			);
			sourceTree = "<group>";
		};
		95BEC7AC24CAD4EF008222AD /* Products */ = {
			isa = PBXGroup;
			children = (
				95BEC7AB24CAD4EF008222AD /* DiceAndCoin.app */,
			);
			name = Products;
			sourceTree = "<group>";
		};
		95BEC7AD24CAD4EF008222AD /* DiceAndCoin */ = {
			isa = PBXGroup;
			children = (
				95D757AD24CADD29000C084A /* Model */,
				95D757AE24CADD2F000C084A /* View */,
				95D757AF24CADD36000C084A /* Controller */,
				95BEC7BA24CAD4F0008222AD /* Assets.xcassets */,
				95BEC7BF24CAD4F0008222AD /* Info.plist */,
				95BEC7B724CAD4EF008222AD /* DiceAndCoin.xcdatamodeld */,
			);
			path = DiceAndCoin;
			sourceTree = "<group>";
		};
		95D757AD24CADD29000C084A /* Model */ = {
			isa = PBXGroup;
			children = (
				95D757BA24CB09C6000C084A /* Algorithm.swift */,
			);
			path = Model;
			sourceTree = "<group>";
		};
		95D757AE24CADD2F000C084A /* View */ = {
			isa = PBXGroup;
			children = (
				95BEC7AE24CAD4EF008222AD /* AppDelegate.swift */,
				95BEC7B424CAD4EF008222AD /* Main.storyboard */,
				95BEC7B024CAD4EF008222AD /* SceneDelegate.swift */,
				95BEC7BC24CAD4F0008222AD /* LaunchScreen.storyboard */,
			);
			path = View;
			sourceTree = "<group>";
		};
		95D757AF24CADD36000C084A /* Controller */ = {
			isa = PBXGroup;
			children = (
				95D757B024CADD7D000C084A /* DiceViewController.swift */,
				95D757B224CADD8F000C084A /* TwoDiceViewController.swift */,
				95D757B424CADDA3000C084A /* CoinViewController.swift */,
				95D757B624CADDB2000C084A /* ThreeCoinViewController.swift */,
				95D757B824CAF166000C084A /* TabBarViewController.swift */,
			);
			path = Controller;
			sourceTree = "<group>";
		};
		C5E6DB8DAFE5C4904558E21C /* Frameworks */ = {
			isa = PBXGroup;
			children = (
				D60652233F3AEE775ECF0BD1 /* Pods_DiceAndCoin.framework */,
			);
			name = Frameworks;
			sourceTree = "<group>";
		};
/* End PBXGroup section */

/* Begin PBXNativeTarget section */
		95BEC7AA24CAD4EF008222AD /* DiceAndCoin */ = {
			isa = PBXNativeTarget;
			buildConfigurationList = 95BEC7C224CAD4F0008222AD /* Build configuration list for PBXNativeTarget "DiceAndCoin" */;
			buildPhases = (
				CCEEBD04CC043B5D1D75D76B /* [CP] Check Pods Manifest.lock */,
				95BEC7A724CAD4EF008222AD /* Sources */,
				95BEC7A824CAD4EF008222AD /* Frameworks */,
				95BEC7A924CAD4EF008222AD /* Resources */,
			);
			buildRules = (
			);
			dependencies = (
			);
			name = DiceAndCoin;
			productName = DiceAndCoin;
			productReference = 95BEC7AB24CAD4EF008222AD /* DiceAndCoin.app */;
			productType = "com.apple.product-type.application";
		};
/* End PBXNativeTarget section */

/* Begin PBXProject section */
		95BEC7A324CAD4EF008222AD /* Project object */ = {
			isa = PBXProject;
			attributes = {
				LastSwiftUpdateCheck = 1160;
				LastUpgradeCheck = 1160;
				ORGANIZATIONNAME = "Nikolay Tkachenko";
				TargetAttributes = {
					95BEC7AA24CAD4EF008222AD = {
						CreatedOnToolsVersion = 11.6;
					};
				};
			};
			buildConfigurationList = 95BEC7A624CAD4EF008222AD /* Build configuration list for PBXProject "DiceAndCoin" */;
			compatibilityVersion = "Xcode 9.3";
			developmentRegion = en;
			hasScannedForEncodings = 0;
			knownRegions = (
				en,
				Base,
			);
			mainGroup = 95BEC7A224CAD4EF008222AD;
			productRefGroup = 95BEC7AC24CAD4EF008222AD /* Products */;
			projectDirPath = "";
			projectRoot = "";
			targets = (
				95BEC7AA24CAD4EF008222AD /* DiceAndCoin */,
			);
		};
/* End PBXProject section */

/* Begin PBXResourcesBuildPhase section */
		95BEC7A924CAD4EF008222AD /* Resources */ = {
			isa = PBXResourcesBuildPhase;
			buildActionMask = 2147483647;
			files = (
				95BEC7BE24CAD4F0008222AD /* LaunchScreen.storyboard in Resources */,
				95BEC7BB24CAD4F0008222AD /* Assets.xcassets in Resources */,
				95BEC7B624CAD4EF008222AD /* Main.storyboard in Resources */,
			);
			runOnlyForDeploymentPostprocessing = 0;
		};
/* End PBXResourcesBuildPhase section */

/* Begin PBXShellScriptBuildPhase section */
		CCEEBD04CC043B5D1D75D76B /* [CP] Check Pods Manifest.lock */ = {
			isa = PBXShellScriptBuildPhase;
			buildActionMask = 2147483647;
			files = (
			);
			inputFileListPaths = (
			);
			inputPaths = (
				"${PODS_PODFILE_DIR_PATH}/Podfile.lock",
				"${PODS_ROOT}/Manifest.lock",
			);
			name = "[CP] Check Pods Manifest.lock";
			outputFileListPaths = (
			);
			outputPaths = (
				"$(DERIVED_FILE_DIR)/Pods-DiceAndCoin-checkManifestLockResult.txt",
			);
			runOnlyForDeploymentPostprocessing = 0;
			shellPath = /bin/sh;
			shellScript = "diff \"${PODS_PODFILE_DIR_PATH}/Podfile.lock\" \"${PODS_ROOT}/Manifest.lock\" > /dev/null\nif [ $? != 0 ] ; then\n    # print error to STDERR\n    echo \"error: The sandbox is not in sync with the Podfile.lock. Run 'pod install' or update your CocoaPods installation.\" >&2\n    exit 1\nfi\n# This output is used by Xcode 'outputs' to avoid re-running this script phase.\necho \"SUCCESS\" > \"${SCRIPT_OUTPUT_FILE_0}\"\n";
			showEnvVarsInLog = 0;
		};
/* End PBXShellScriptBuildPhase section */

/* Begin PBXSourcesBuildPhase section */
		95BEC7A724CAD4EF008222AD /* Sources */ = {
			isa = PBXSourcesBuildPhase;
			buildActionMask = 2147483647;
			files = (
				95D757B924CAF166000C084A /* TabBarViewController.swift in Sources */,
				95D757BB24CB09C6000C084A /* Algorithm.swift in Sources */,
				95BEC7B924CAD4EF008222AD /* DiceAndCoin.xcdatamodeld in Sources */,
				95BEC7AF24CAD4EF008222AD /* AppDelegate.swift in Sources */,
				95BEC7B124CAD4EF008222AD /* SceneDelegate.swift in Sources */,
				95D757B524CADDA3000C084A /* CoinViewController.swift in Sources */,
				95D757B324CADD8F000C084A /* TwoDiceViewController.swift in Sources */,
				95D757B724CADDB2000C084A /* ThreeCoinViewController.swift in Sources */,
				95D757B124CADD7D000C084A /* DiceViewController.swift in Sources */,
			);
			runOnlyForDeploymentPostprocessing = 0;
		};
/* End PBXSourcesBuildPhase section */

/* Begin PBXVariantGroup section */
		95BEC7B424CAD4EF008222AD /* Main.storyboard */ = {
			isa = PBXVariantGroup;
			children = (
				95BEC7B524CAD4EF008222AD /* Base */,
			);
			name = Main.storyboard;
			sourceTree = "<group>";
		};
		95BEC7BC24CAD4F0008222AD /* LaunchScreen.storyboard */ = {
			isa = PBXVariantGroup;
			children = (
				95BEC7BD24CAD4F0008222AD /* Base */,
			);
			name = LaunchScreen.storyboard;
			sourceTree = "<group>";
		};
/* End PBXVariantGroup section */

/* Begin XCBuildConfiguration section */
		95BEC7C024CAD4F0008222AD /* Debug */ = {
			isa = XCBuildConfiguration;
			buildSettings = {
				ALWAYS_SEARCH_USER_PATHS = NO;
				CLANG_ANALYZER_NONNULL = YES;
				CLANG_ANALYZER_NUMBER_OBJECT_CONVERSION = YES_AGGRESSIVE;
				CLANG_CXX_LANGUAGE_STANDARD = "gnu++14";
				CLANG_CXX_LIBRARY = "libc++";
				CLANG_ENABLE_MODULES = YES;
				CLANG_ENABLE_OBJC_ARC = YES;
				CLANG_ENABLE_OBJC_WEAK = YES;
				CLANG_WARN_BLOCK_CAPTURE_AUTORELEASING = YES;
				CLANG_WARN_BOOL_CONVERSION = YES;
				CLANG_WARN_COMMA = YES;
				CLANG_WARN_CONSTANT_CONVERSION = YES;
				CLANG_WARN_DEPRECATED_OBJC_IMPLEMENTATIONS = YES;
				CLANG_WARN_DIRECT_OBJC_ISA_USAGE = YES_ERROR;
				CLANG_WARN_DOCUMENTATION_COMMENTS = YES;
				CLANG_WARN_EMPTY_BODY = YES;
				CLANG_WARN_ENUM_CONVERSION = YES;
				CLANG_WARN_INFINITE_RECURSION = YES;
				CLANG_WARN_INT_CONVERSION = YES;
				CLANG_WARN_NON_LITERAL_NULL_CONVERSION = YES;
				CLANG_WARN_OBJC_IMPLICIT_RETAIN_SELF = YES;
				CLANG_WARN_OBJC_LITERAL_CONVERSION = YES;
				CLANG_WARN_OBJC_ROOT_CLASS = YES_ERROR;
				CLANG_WARN_RANGE_LOOP_ANALYSIS = YES;
				CLANG_WARN_STRICT_PROTOTYPES = YES;
				CLANG_WARN_SUSPICIOUS_MOVE = YES;
				CLANG_WARN_UNGUARDED_AVAILABILITY = YES_AGGRESSIVE;
				CLANG_WARN_UNREACHABLE_CODE = YES;
				CLANG_WARN__DUPLICATE_METHOD_MATCH = YES;
				COPY_PHASE_STRIP = NO;
				DEBUG_INFORMATION_FORMAT = dwarf;
				ENABLE_STRICT_OBJC_MSGSEND = YES;
				ENABLE_TESTABILITY = YES;
				GCC_C_LANGUAGE_STANDARD = gnu11;
				GCC_DYNAMIC_NO_PIC = NO;
				GCC_NO_COMMON_BLOCKS = YES;
				GCC_OPTIMIZATION_LEVEL = 0;
				GCC_PREPROCESSOR_DEFINITIONS = (
					"DEBUG=1",
					"$(inherited)",
				);
				GCC_WARN_64_TO_32_BIT_CONVERSION = YES;
				GCC_WARN_ABOUT_RETURN_TYPE = YES_ERROR;
				GCC_WARN_UNDECLARED_SELECTOR = YES;
				GCC_WARN_UNINITIALIZED_AUTOS = YES_AGGRESSIVE;
				GCC_WARN_UNUSED_FUNCTION = YES;
				GCC_WARN_UNUSED_VARIABLE = YES;
				IPHONEOS_DEPLOYMENT_TARGET = 13.6;
				MTL_ENABLE_DEBUG_INFO = INCLUDE_SOURCE;
				MTL_FAST_MATH = YES;
				ONLY_ACTIVE_ARCH = YES;
				SDKROOT = iphoneos;
				SWIFT_ACTIVE_COMPILATION_CONDITIONS = DEBUG;
				SWIFT_OPTIMIZATION_LEVEL = "-Onone";
			};
			name = Debug;
		};
		95BEC7C124CAD4F0008222AD /* Release */ = {
			isa = XCBuildConfiguration;
			buildSettings = {
				ALWAYS_SEARCH_USER_PATHS = NO;
				CLANG_ANALYZER_NONNULL = YES;
				CLANG_ANALYZER_NUMBER_OBJECT_CONVERSION = YES_AGGRESSIVE;
				CLANG_CXX_LANGUAGE_STANDARD = "gnu++14";
				CLANG_CXX_LIBRARY = "libc++";
				CLANG_ENABLE_MODULES = YES;
				CLANG_ENABLE_OBJC_ARC = YES;
				CLANG_ENABLE_OBJC_WEAK = YES;
				CLANG_WARN_BLOCK_CAPTURE_AUTORELEASING = YES;
				CLANG_WARN_BOOL_CONVERSION = YES;
				CLANG_WARN_COMMA = YES;
				CLANG_WARN_CONSTANT_CONVERSION = YES;
				CLANG_WARN_DEPRECATED_OBJC_IMPLEMENTATIONS = YES;
				CLANG_WARN_DIRECT_OBJC_ISA_USAGE = YES_ERROR;
				CLANG_WARN_DOCUMENTATION_COMMENTS = YES;
				CLANG_WARN_EMPTY_BODY = YES;
				CLANG_WARN_ENUM_CONVERSION = YES;
				CLANG_WARN_INFINITE_RECURSION = YES;
				CLANG_WARN_INT_CONVERSION = YES;
				CLANG_WARN_NON_LITERAL_NULL_CONVERSION = YES;
				CLANG_WARN_OBJC_IMPLICIT_RETAIN_SELF = YES;
				CLANG_WARN_OBJC_LITERAL_CONVERSION = YES;
				CLANG_WARN_OBJC_ROOT_CLASS = YES_ERROR;
				CLANG_WARN_RANGE_LOOP_ANALYSIS = YES;
				CLANG_WARN_STRICT_PROTOTYPES = YES;
				CLANG_WARN_SUSPICIOUS_MOVE = YES;
				CLANG_WARN_UNGUARDED_AVAILABILITY = YES_AGGRESSIVE;
				CLANG_WARN_UNREACHABLE_CODE = YES;
				CLANG_WARN__DUPLICATE_METHOD_MATCH = YES;
				COPY_PHASE_STRIP = NO;
				DEBUG_INFORMATION_FORMAT = "dwarf-with-dsym";
				ENABLE_NS_ASSERTIONS = NO;
				ENABLE_STRICT_OBJC_MSGSEND = YES;
				GCC_C_LANGUAGE_STANDARD = gnu11;
				GCC_NO_COMMON_BLOCKS = YES;
				GCC_WARN_64_TO_32_BIT_CONVERSION = YES;
				GCC_WARN_ABOUT_RETURN_TYPE = YES_ERROR;
				GCC_WARN_UNDECLARED_SELECTOR = YES;
				GCC_WARN_UNINITIALIZED_AUTOS = YES_AGGRESSIVE;
				GCC_WARN_UNUSED_FUNCTION = YES;
				GCC_WARN_UNUSED_VARIABLE = YES;
				IPHONEOS_DEPLOYMENT_TARGET = 13.6;
				MTL_ENABLE_DEBUG_INFO = NO;
				MTL_FAST_MATH = YES;
				SDKROOT = iphoneos;
				SWIFT_COMPILATION_MODE = wholemodule;
				SWIFT_OPTIMIZATION_LEVEL = "-O";
				VALIDATE_PRODUCT = YES;
			};
			name = Release;
		};
		95BEC7C324CAD4F0008222AD /* Debug */ = {
			isa = XCBuildConfiguration;
			baseConfigurationReference = 5EABE485D94315421E7A7E8E /* Pods-DiceAndCoin.debug.xcconfig */;
			buildSettings = {
				ASSETCATALOG_COMPILER_APPICON_NAME = AppIcon;
				CODE_SIGN_STYLE = Automatic;
				DEVELOPMENT_TEAM = 5FDA988DZF;
				INFOPLIST_FILE = DiceAndCoin/Info.plist;
				IPHONEOS_DEPLOYMENT_TARGET = 10.0;
				LD_RUNPATH_SEARCH_PATHS = (
					"$(inherited)",
					"@executable_path/Frameworks",
				);
				PRODUCT_BUNDLE_IDENTIFIER = "com.rsh-enginering.tkachenko.DiceAndCoin";
				PRODUCT_NAME = "$(TARGET_NAME)";
				SWIFT_VERSION = 5.0;
				TARGETED_DEVICE_FAMILY = "1,2";
			};
			name = Debug;
		};
		95BEC7C424CAD4F0008222AD /* Release */ = {
			isa = XCBuildConfiguration;
			baseConfigurationReference = 075975CBE5C8A4431251B719 /* Pods-DiceAndCoin.release.xcconfig */;
			buildSettings = {
				ASSETCATALOG_COMPILER_APPICON_NAME = AppIcon;
				CODE_SIGN_STYLE = Automatic;
				DEVELOPMENT_TEAM = 5FDA988DZF;
				INFOPLIST_FILE = DiceAndCoin/Info.plist;
				IPHONEOS_DEPLOYMENT_TARGET = 10.0;
				LD_RUNPATH_SEARCH_PATHS = (
					"$(inherited)",
					"@executable_path/Frameworks",
				);
				PRODUCT_BUNDLE_IDENTIFIER = "com.rsh-enginering.tkachenko.DiceAndCoin";
				PRODUCT_NAME = "$(TARGET_NAME)";
				SWIFT_VERSION = 5.0;
				TARGETED_DEVICE_FAMILY = "1,2";
			};
			name = Release;
		};
/* End XCBuildConfiguration section */

/* Begin XCConfigurationList section */
		95BEC7A624CAD4EF008222AD /* Build configuration list for PBXProject "DiceAndCoin" */ = {
			isa = XCConfigurationList;
			buildConfigurations = (
				95BEC7C024CAD4F0008222AD /* Debug */,
				95BEC7C124CAD4F0008222AD /* Release */,
			);
			defaultConfigurationIsVisible = 0;
			defaultConfigurationName = Release;
		};
		95BEC7C224CAD4F0008222AD /* Build configuration list for PBXNativeTarget "DiceAndCoin" */ = {
			isa = XCConfigurationList;
			buildConfigurations = (
				95BEC7C324CAD4F0008222AD /* Debug */,
				95BEC7C424CAD4F0008222AD /* Release */,
			);
			defaultConfigurationIsVisible = 0;
			defaultConfigurationName = Release;
		};
/* End XCConfigurationList section */

/* Begin XCVersionGroup section */
		95BEC7B724CAD4EF008222AD /* DiceAndCoin.xcdatamodeld */ = {
			isa = XCVersionGroup;
			children = (
				95BEC7B824CAD4EF008222AD /* DiceAndCoin.xcdatamodel */,
			);
			currentVersion = 95BEC7B824CAD4EF008222AD /* DiceAndCoin.xcdatamodel */;
			path = DiceAndCoin.xcdatamodeld;
			sourceTree = "<group>";
			versionGroupType = wrapper.xcdatamodel;
		};
/* End XCVersionGroup section */
	};
	rootObject = 95BEC7A324CAD4EF008222AD /* Project object */;
}
